
Microsoft Visual Studio Solution File, Format Version 12.00
# Visual Studio Version 17
VisualStudioVersion = 17.4.33213.308
MinimumVisualStudioVersion = 10.0.40219.1
Project("{FAE04EC0-301F-11D3-BF4B-00C04F79EFBC}") = "Medico", "Medico\Medico.csproj", "{B7D646A7-8321-4BDE-8D05-57CE1A31D120}"
EndProject
Project("{FAE04EC0-301F-11D3-BF4B-00C04F79EFBC}") = "DAL", "DAL\DAL.csproj", "{EA849D58-612C-4735-9E9F-3AA37B7173B8}"
EndProject
Project("{FAE04EC0-301F-11D3-BF4B-00C04F79EFBC}") = "BLL", "BLL\BLL.csproj", "{06140AAA-587D-4C55-9227-1B6B65BB37FA}"
EndProject
Global
	GlobalSection(SolutionConfigurationPlatforms) = preSolution
		Debug|Any CPU = Debug|Any CPU
		Release|Any CPU = Release|Any CPU
	EndGlobalSection
	GlobalSection(ProjectConfigurationPlatforms) = postSolution
		{B7D646A7-8321-4BDE-8D05-57CE1A31D120}.Debug|Any CPU.ActiveCfg = Debug|Any CPU
		{B7D646A7-8321-4BDE-8D05-57CE1A31D120}.Debug|Any CPU.Build.0 = Debug|Any CPU
		{B7D646A7-8321-4BDE-8D05-57CE1A31D120}.Release|Any CPU.ActiveCfg = Release|Any CPU
		{B7D646A7-8321-4BDE-8D05-57CE1A31D120}.Release|Any CPU.Build.0 = Release|Any CPU
		{EA849D58-612C-4735-9E9F-3AA37B7173B8}.Debug|Any CPU.ActiveCfg = Debug|Any CPU
		{EA849D58-612C-4735-9E9F-3AA37B7173B8}.Debug|Any CPU.Build.0 = Debug|Any CPU
		{EA849D58-612C-4735-9E9F-3AA37B7173B8}.Release|Any CPU.ActiveCfg = Release|Any CPU
		{EA849D58-612C-4735-9E9F-3AA37B7173B8}.Release|Any CPU.Build.0 = Release|Any CPU
		{06140AAA-587D-4C55-9227-1B6B65BB37FA}.Debug|Any CPU.ActiveCfg = Debug|Any CPU
		{06140AAA-587D-4C55-9227-1B6B65BB37FA}.Debug|Any CPU.Build.0 = Debug|Any CPU
		{06140AAA-587D-4C55-9227-1B6B65BB37FA}.Release|Any CPU.ActiveCfg = Release|Any CPU
		{06140AAA-587D-4C55-9227-1B6B65BB37FA}.Release|Any CPU.Build.0 = Release|Any CPU
	EndGlobalSection
	GlobalSection(SolutionProperties) = preSolution
		HideSolutionNode = FALSE
	EndGlobalSection
	GlobalSection(ExtensibilityGlobals) = postSolution
		SolutionGuid = {555FD8DA-DE41-4DFE-8DA2-970BB7E0A16E}
	EndGlobalSection
EndGlobal
